
Microsoft Visual Studio Solution File, Format Version 12.00
# Visual Studio Version 17
VisualStudioVersion = 17.0.31903.59
MinimumVisualStudioVersion = 10.0.40219.1
Project("{FAE04EC0-301F-11D3-BF4B-00C04F79EFBC}") = "API", "API\API.csproj", "{CFA78AA3-2DFB-4B4C-8783-401D91C8699B}"
EndProject
Project("{FAE04EC0-301F-11D3-BF4B-00C04F79EFBC}") = "Application", "Application\Application.csproj", "{1F0A3BB1-0F62-4833-ADB4-855E6F0F4DD5}"
EndProject
Project("{FAE04EC0-301F-11D3-BF4B-00C04F79EFBC}") = "Domain", "Domain\Domain.csproj", "{14CC1A3D-AACE-4EC0-8F83-F6C5F5CD1FE7}"
EndProject
Project("{FAE04EC0-301F-11D3-BF4B-00C04F79EFBC}") = "Persistance", "Persistance\Persistance.csproj", "{1DADB185-7DEA-445C-914E-C50DB81EB722}"
EndProject
Global
	GlobalSection(SolutionConfigurationPlatforms) = preSolution
		Debug|Any CPU = Debug|Any CPU
		Release|Any CPU = Release|Any CPU
	EndGlobalSection
	GlobalSection(SolutionProperties) = preSolution
		HideSolutionNode = FALSE
	EndGlobalSection
	GlobalSection(ProjectConfigurationPlatforms) = postSolution
		{CFA78AA3-2DFB-4B4C-8783-401D91C8699B}.Debug|Any CPU.ActiveCfg = Debug|Any CPU
		{CFA78AA3-2DFB-4B4C-8783-401D91C8699B}.Debug|Any CPU.Build.0 = Debug|Any CPU
		{CFA78AA3-2DFB-4B4C-8783-401D91C8699B}.Release|Any CPU.ActiveCfg = Release|Any CPU
		{CFA78AA3-2DFB-4B4C-8783-401D91C8699B}.Release|Any CPU.Build.0 = Release|Any CPU
		{1F0A3BB1-0F62-4833-ADB4-855E6F0F4DD5}.Debug|Any CPU.ActiveCfg = Debug|Any CPU
		{1F0A3BB1-0F62-4833-ADB4-855E6F0F4DD5}.Debug|Any CPU.Build.0 = Debug|Any CPU
		{1F0A3BB1-0F62-4833-ADB4-855E6F0F4DD5}.Release|Any CPU.ActiveCfg = Release|Any CPU
		{1F0A3BB1-0F62-4833-ADB4-855E6F0F4DD5}.Release|Any CPU.Build.0 = Release|Any CPU
		{14CC1A3D-AACE-4EC0-8F83-F6C5F5CD1FE7}.Debug|Any CPU.ActiveCfg = Debug|Any CPU
		{14CC1A3D-AACE-4EC0-8F83-F6C5F5CD1FE7}.Debug|Any CPU.Build.0 = Debug|Any CPU
		{14CC1A3D-AACE-4EC0-8F83-F6C5F5CD1FE7}.Release|Any CPU.ActiveCfg = Release|Any CPU
		{14CC1A3D-AACE-4EC0-8F83-F6C5F5CD1FE7}.Release|Any CPU.Build.0 = Release|Any CPU
		{1DADB185-7DEA-445C-914E-C50DB81EB722}.Debug|Any CPU.ActiveCfg = Debug|Any CPU
		{1DADB185-7DEA-445C-914E-C50DB81EB722}.Debug|Any CPU.Build.0 = Debug|Any CPU
		{1DADB185-7DEA-445C-914E-C50DB81EB722}.Release|Any CPU.ActiveCfg = Release|Any CPU
		{1DADB185-7DEA-445C-914E-C50DB81EB722}.Release|Any CPU.Build.0 = Release|Any CPU
	EndGlobalSection
EndGlobal
